github.com/btittelbach/go-bbhw v0.0.0-20181002125330-d30b01ebb2d4 h1:CcEAN0ZeDO5rYB4DNvzRv6FMBMQe/g7XpqvVrO1iBpg=
github.com/btittelbach/go-bbhw v0.0.0-20181002125330-d30b01ebb2d4/go.mod h1:7sVQHJ1HGAAu5GwG5+7J1j5d+bp2cpmcEXNMMDZmyyg=
github.com/btittelbach/pubsub v0.0.0-20181118220834-3d9462d72339 h1:LUWUt9S/nWR1Y/hdRaqVbm1LzCfcuj9fYGOFwludPzY=
github.com/btittelbach/pubsub v0.0.0-20181118220834-3d9462d72339/go.mod h1:sfldyIbBO1Ws7cBOePsyB1RxGKbqwuNKTUEgnnFn3Lw=
github.com/eclipse/paho.mqtt.golang v1.2.0/go.mod h1:H9keYFcgq3Qr5OUJm/JZI/i6U7joQ8SYLhZwfeOo6Ts=
github.com/eclipse/paho.mqtt.golang v1.3.5 h1:sWtmgNxYM9P2sP+xEItMozsR3w0cqZFlqnNN1bdl41Y=
github.com/eclipse/paho.mqtt.golang v1.3.5/go.mod h1:eTzb4gxwwyWpqBUHGQZ4ABAV7+Jgm1PklsYT/eo8Hcc=
github.com/gorilla/websocket v1.4.2 h1:+/TMaTYc4QFitKJxsQ7Yye35DkWvkdLcvGKqM+x0Ufc=
github.com/gorilla/websocket v1.4.2/go.mod h1:YR8l580nyteQvAITg2hZ9XVh4b55+EU/adAjf1fMHhE=
github.com/gorilla/websocket v1.5.0 h1:PPwGk2jz7EePpoHN/+ClbZu8SPxiqlu12wZP/3sWmnc=
github.com/gorilla/websocket v1.5.0/go.mod h1:YR8l580nyteQvAITg2hZ9XVh4b55+EU/adAjf1fMHhE=
github.com/realraum/door_and_sensors/r3events v0.0.0-20220110204423-4300137760ad h1:IxuFsyH+9PxwbUOkRItS3utLfdq78CxXq436cCnzCz4=
github.com/realraum/door_and_sensors/r3events v0.0.0-20220110204423-4300137760ad/go.mod h1:37G8uEgNC2Sy6bqxfmvOqGQHd7qKZVudUDK2bJHT7Pk=
github.com/schleibinger/sio v0.0.0-20130717070631-2cc3e40bedc0 h1:+zqi+jqEVTqupUr2w6E0diz3TKNBzaD01D5i4+Pvqio=
github.com/schleibinger/sio v0.0.0-20130717070631-2cc3e40bedc0/go.mod h1:e07TMiZ8iTjzDWnGXfDSMLJ3F07CV3IvQRMvp2W1Eus=
golang.org/x/crypto v0.0.0-20190308221718-c2843e01d9a2/go.mod h1:djNgcEr1/C05ACkg1iLfiJU5Ep61QUkGW8qpdssI0+w=
golang.org/x/net v0.0.0-20190916140828-c8589233b77d/go.mod h1:z5CRVTTTmAJ677TzLLGU+0bjPO0LkuOLi4/5GtJWs/s=
golang.org/x/net v0.0.0-20200425230154-ff2c4b7c35a0 h1:Jcxah/M+oLZ/R4/z5RzfPzGbPXnVDPkEDtf2JnuxN+U=
golang.org/x/net v0.0.0-20200425230154-ff2c4b7c35a0/go.mod h1:qpuaurCH72eLCgpAm/N6yyVIVM9cpaDIP3A8BGJEC5A=
golang.org/x/net v0.8.0 h1:Zrh2ngAOFYneWTAIAPethzeaQLuHwhuBkuV6ZiRnUaQ=
golang.org/x/net v0.8.0/go.mod h1:QVkue5JL9kW//ek3r6jTKnTFis1tRmNAW2P1shuFdJc=
golang.org/x/sys v0.0.0-20190215142949-d0b11bdaac8a/go.mod h1:STP8DvDyc/dI5b8T5hshtkjS+E42TnysNCUPdjciGhY=
golang.org/x/sys v0.0.0-20200323222414-85ca7c5b95cd/go.mod h1:h1NjWce9XRLGQEsW7wpKNCjG9DtNlClVuFLEZdDNbEs=
golang.org/x/text v0.3.0/go.mod h1:NqM8EUOU14njkJ3fqMW+pc6Ldnwhi/IjpwHt7yyuwOQ=
launchpad.net/gocheck v0.0.0-20140225173054-000000000087 h1:Izowp2XBH6Ya6rv+hqbceQyw/gSGoXfH/UPoTGduL54=
launchpad.net/gocheck v0.0.0-20140225173054-000000000087/go.mod h1:hj7XX3B/0A+80Vse0e+BUHsHMTEhd0O4cpUHr/e/BUM=
